PODS:
  - lottie-ios (3.1.8)
  - SnapKit (5.0.1)
  - SwiftBrick (1.5.2):
    - SnapKit
    - SwiftBrick/BaseCell (= 1.5.2)
    - SwiftBrick/BaseVC (= 1.5.2)
    - SwiftBrick/Extensions (= 1.5.2)
    - SwiftBrick/Util (= 1.5.2)
    - SwiftBrick/ViewFactory (= 1.5.2)
  - SwiftBrick/BaseCell (1.5.2):
    - SnapKit
    - SwiftBrick/Extensions
  - SwiftBrick/BaseVC (1.5.2):
    - SnapKit
    - SwiftBrick/BaseCell
    - SwiftBrick/Extensions
    - SwiftBrick/Util
  - SwiftBrick/Extensions (1.5.2):
    - SnapKit
    - SwiftBrick/Util
  - SwiftBrick/Util (1.5.2):
    - SnapKit
  - SwiftBrick/ViewFactory (1.5.2):
    - SnapKit
    - SwiftBrick/Extensions
    - SwiftBrick/Util

DEPENDENCIES:
  - lottie-ios
  - SwiftBrick

SPEC REPOS:
  https://github.com/CocoaPods/Specs.git:
    - lottie-ios
    - SnapKit
    - SwiftBrick

SPEC CHECKSUMS:
  lottie-ios: 48fac6be217c76937e36e340e2d09cf7b10b7f5f
  SnapKit: 97b92857e3df3a0c71833cce143274bf6ef8e5eb
  SwiftBrick: 8c12d7f0307b841956b62e314ee04b643d7afb2b

PODFILE CHECKSUM: 1ad6478114f4f4782565397b6c958a1f2ed62837

COCOAPODS: 1.10.0.rc.1
